
Microsoft Visual Studio Solution File, Format Version 12.00
# Visual Studio Version 17
VisualStudioVersion = 17.12.35527.113
MinimumVisualStudioVersion = 10.0.40219.1
Project("{2150E333-8FDC-42A3-9474-1A3956D46DE8}") = "Unit test", "Unit test", "{7A6B6845-5877-4778-9B77-69461258486A}"
EndProject
Project("{2150E333-8FDC-42A3-9474-1A3956D46DE8}") = "Basic", "Basic", "{95992326-84C9-47A3-8BF7-DC6331314337}"
EndProject
Project("{2150E333-8FDC-42A3-9474-1A3956D46DE8}") = "Features", "Features", "{CD1A674C-9A3D-498D-8737-E62BA0B3F7BD}"
EndProject
Project("{FAE04EC0-301F-11D3-BF4B-00C04F79EFBC}") = "DPS.Basic.Domain", "Unit test\DPS.Basic.Domain\DPS.Basic.Domain.csproj", "{B3C4D122-10BA-47CF-B573-94E311DA975D}"
EndProject
Project("{FAE04EC0-301F-11D3-BF4B-00C04F79EFBC}") = "DPS.Basic.Domain.Tests", "Unit test\DPS.Basic.Domain.Tests\DPS.Basic.Domain.Tests.csproj", "{BA38FC5A-AC5C-403E-982E-2D7430895447}"
EndProject
Project("{FAE04EC0-301F-11D3-BF4B-00C04F79EFBC}") = "DPS.Features.Domain", "Unit test\DPS.Features.Domain\DPS.Features.Domain.csproj", "{970F383C-22B2-414C-B618-C973DB9DE952}"
EndProject
Project("{FAE04EC0-301F-11D3-BF4B-00C04F79EFBC}") = "DPS.Features.Domain.Tests", "Unit test\DPS.Features.Domain.Tests\DPS.Features.Domain.Tests.csproj", "{692BC111-BACB-4C11-839E-6E7F47EA19DA}"
EndProject
Project("{2150E333-8FDC-42A3-9474-1A3956D46DE8}") = "TDD", "TDD", "{DC8BC982-E863-410C-822D-77298A663386}"
EndProject
Project("{FAE04EC0-301F-11D3-BF4B-00C04F79EFBC}") = "DPS.Core", "TDD\src\DPS.Core\DPS.Core.csproj", "{F5C9FE13-07ED-491A-BD66-14707FBEF8E9}"
EndProject
Project("{FAE04EC0-301F-11D3-BF4B-00C04F79EFBC}") = "DPS.Vendas.Domain", "TDD\src\DPS.Vendas.Domain\DPS.Vendas.Domain.csproj", "{C63A481F-2388-48C4-AF64-EDA00BD9ED8F}"
EndProject
Project("{FAE04EC0-301F-11D3-BF4B-00C04F79EFBC}") = "DPS.Vendas.Data", "TDD\src\DPS.Vendas.Data\DPS.Vendas.Data.csproj", "{1E5DC912-77DE-4FC3-BB8B-D8B871AB484E}"
EndProject
Project("{FAE04EC0-301F-11D3-BF4B-00C04F79EFBC}") = "DPS.Vendas.Application", "TDD\src\DPS.Vendas.Application\DPS.Vendas.Application.csproj", "{224BB108-F9AA-4E7D-9379-1A4FFC3F80FF}"
EndProject
Project("{2150E333-8FDC-42A3-9474-1A3956D46DE8}") = "Tests", "Tests", "{4B844077-C12F-4CA8-8067-93711E62485A}"
EndProject
Project("{FAE04EC0-301F-11D3-BF4B-00C04F79EFBC}") = "DPS.Vendas.Domain.Tests", "TDD\tests\DPS.Vendas.Domain.Tests\DPS.Vendas.Domain.Tests.csproj", "{7A2C01F4-57E4-4048-A652-02DCB8FEC9D1}"
EndProject
Project("{FAE04EC0-301F-11D3-BF4B-00C04F79EFBC}") = "DPS.Vendas.Application.Tests", "TDD\tests\DPS.Vendas.Application.Tests\DPS.Vendas.Application.Tests.csproj", "{99719C21-D46F-4CE6-BFB3-A2A44367D327}"
EndProject
Project("{2150E333-8FDC-42A3-9474-1A3956D46DE8}") = "Integration Tests", "Integration Tests", "{2FBE6015-00BE-4A51-BBAE-03A20651B995}"
EndProject
Project("{FAE04EC0-301F-11D3-BF4B-00C04F79EFBC}") = "DPS.Catalogo.Application", "Integration\src\DPS.Catalogo.Application\DPS.Catalogo.Application.csproj", "{8D9D18F2-D6F2-425E-89CB-5931247C6BC0}"
EndProject
Project("{FAE04EC0-301F-11D3-BF4B-00C04F79EFBC}") = "DPS.Catalogo.Data", "Integration\src\DPS.Catalogo.Data\DPS.Catalogo.Data.csproj", "{B9F99D5F-5570-4EB6-B9CE-16DF2B1E84D8}"
EndProject
Project("{FAE04EC0-301F-11D3-BF4B-00C04F79EFBC}") = "DPS.Catalogo.Domain", "Integration\src\DPS.Catalogo.Domain\DPS.Catalogo.Domain.csproj", "{12C150FF-8670-49F3-8521-9F39D7A10643}"
EndProject
Project("{2150E333-8FDC-42A3-9474-1A3956D46DE8}") = "Tests", "Tests", "{03FF6C72-92B0-4C7D-B536-7B9A3E377594}"
EndProject
Project("{FAE04EC0-301F-11D3-BF4B-00C04F79EFBC}") = "DPS.WebApp.Tests", "Integration\tests\DPS.WebApp.Tests\DPS.WebApp.Tests.csproj", "{54A93D1C-25B3-44C9-9888-ECE7BE96AC12}"
EndProject
Project("{FAE04EC0-301F-11D3-BF4B-00C04F79EFBC}") = "DPS.WebApp.MVC", "Integration\src\DPS.WebApp.MVC\DPS.WebApp.MVC.csproj", "{8A2FFE9A-2692-4AD3-8728-D0AD2F0D9787}"
EndProject
Global
	GlobalSection(SolutionConfigurationPlatforms) = preSolution
		Debug|Any CPU = Debug|Any CPU
		Release|Any CPU = Release|Any CPU
	EndGlobalSection
	GlobalSection(ProjectConfigurationPlatforms) = postSolution
		{B3C4D122-10BA-47CF-B573-94E311DA975D}.Debug|Any CPU.ActiveCfg = Debug|Any CPU
		{B3C4D122-10BA-47CF-B573-94E311DA975D}.Debug|Any CPU.Build.0 = Debug|Any CPU
		{B3C4D122-10BA-47CF-B573-94E311DA975D}.Release|Any CPU.ActiveCfg = Release|Any CPU
		{B3C4D122-10BA-47CF-B573-94E311DA975D}.Release|Any CPU.Build.0 = Release|Any CPU
		{BA38FC5A-AC5C-403E-982E-2D7430895447}.Debug|Any CPU.ActiveCfg = Debug|Any CPU
		{BA38FC5A-AC5C-403E-982E-2D7430895447}.Debug|Any CPU.Build.0 = Debug|Any CPU
		{BA38FC5A-AC5C-403E-982E-2D7430895447}.Release|Any CPU.ActiveCfg = Release|Any CPU
		{BA38FC5A-AC5C-403E-982E-2D7430895447}.Release|Any CPU.Build.0 = Release|Any CPU
		{970F383C-22B2-414C-B618-C973DB9DE952}.Debug|Any CPU.ActiveCfg = Debug|Any CPU
		{970F383C-22B2-414C-B618-C973DB9DE952}.Debug|Any CPU.Build.0 = Debug|Any CPU
		{970F383C-22B2-414C-B618-C973DB9DE952}.Release|Any CPU.ActiveCfg = Release|Any CPU
		{970F383C-22B2-414C-B618-C973DB9DE952}.Release|Any CPU.Build.0 = Release|Any CPU
		{692BC111-BACB-4C11-839E-6E7F47EA19DA}.Debug|Any CPU.ActiveCfg = Debug|Any CPU
		{692BC111-BACB-4C11-839E-6E7F47EA19DA}.Debug|Any CPU.Build.0 = Debug|Any CPU
		{692BC111-BACB-4C11-839E-6E7F47EA19DA}.Release|Any CPU.ActiveCfg = Release|Any CPU
		{692BC111-BACB-4C11-839E-6E7F47EA19DA}.Release|Any CPU.Build.0 = Release|Any CPU
		{F5C9FE13-07ED-491A-BD66-14707FBEF8E9}.Debug|Any CPU.ActiveCfg = Debug|Any CPU
		{F5C9FE13-07ED-491A-BD66-14707FBEF8E9}.Debug|Any CPU.Build.0 = Debug|Any CPU
		{F5C9FE13-07ED-491A-BD66-14707FBEF8E9}.Release|Any CPU.ActiveCfg = Release|Any CPU
		{F5C9FE13-07ED-491A-BD66-14707FBEF8E9}.Release|Any CPU.Build.0 = Release|Any CPU
		{C63A481F-2388-48C4-AF64-EDA00BD9ED8F}.Debug|Any CPU.ActiveCfg = Debug|Any CPU
		{C63A481F-2388-48C4-AF64-EDA00BD9ED8F}.Debug|Any CPU.Build.0 = Debug|Any CPU
		{C63A481F-2388-48C4-AF64-EDA00BD9ED8F}.Release|Any CPU.ActiveCfg = Release|Any CPU
		{C63A481F-2388-48C4-AF64-EDA00BD9ED8F}.Release|Any CPU.Build.0 = Release|Any CPU
		{1E5DC912-77DE-4FC3-BB8B-D8B871AB484E}.Debug|Any CPU.ActiveCfg = Debug|Any CPU
		{1E5DC912-77DE-4FC3-BB8B-D8B871AB484E}.Debug|Any CPU.Build.0 = Debug|Any CPU
		{1E5DC912-77DE-4FC3-BB8B-D8B871AB484E}.Release|Any CPU.ActiveCfg = Release|Any CPU
		{1E5DC912-77DE-4FC3-BB8B-D8B871AB484E}.Release|Any CPU.Build.0 = Release|Any CPU
		{224BB108-F9AA-4E7D-9379-1A4FFC3F80FF}.Debug|Any CPU.ActiveCfg = Debug|Any CPU
		{224BB108-F9AA-4E7D-9379-1A4FFC3F80FF}.Debug|Any CPU.Build.0 = Debug|Any CPU
		{224BB108-F9AA-4E7D-9379-1A4FFC3F80FF}.Release|Any CPU.ActiveCfg = Release|Any CPU
		{224BB108-F9AA-4E7D-9379-1A4FFC3F80FF}.Release|Any CPU.Build.0 = Release|Any CPU
		{7A2C01F4-57E4-4048-A652-02DCB8FEC9D1}.Debug|Any CPU.ActiveCfg = Debug|Any CPU
		{7A2C01F4-57E4-4048-A652-02DCB8FEC9D1}.Debug|Any CPU.Build.0 = Debug|Any CPU
		{7A2C01F4-57E4-4048-A652-02DCB8FEC9D1}.Release|Any CPU.ActiveCfg = Release|Any CPU
		{7A2C01F4-57E4-4048-A652-02DCB8FEC9D1}.Release|Any CPU.Build.0 = Release|Any CPU
		{99719C21-D46F-4CE6-BFB3-A2A44367D327}.Debug|Any CPU.ActiveCfg = Debug|Any CPU
		{99719C21-D46F-4CE6-BFB3-A2A44367D327}.Debug|Any CPU.Build.0 = Debug|Any CPU
		{99719C21-D46F-4CE6-BFB3-A2A44367D327}.Release|Any CPU.ActiveCfg = Release|Any CPU
		{99719C21-D46F-4CE6-BFB3-A2A44367D327}.Release|Any CPU.Build.0 = Release|Any CPU
		{8D9D18F2-D6F2-425E-89CB-5931247C6BC0}.Debug|Any CPU.ActiveCfg = Debug|Any CPU
		{8D9D18F2-D6F2-425E-89CB-5931247C6BC0}.Debug|Any CPU.Build.0 = Debug|Any CPU
		{8D9D18F2-D6F2-425E-89CB-5931247C6BC0}.Release|Any CPU.ActiveCfg = Release|Any CPU
		{8D9D18F2-D6F2-425E-89CB-5931247C6BC0}.Release|Any CPU.Build.0 = Release|Any CPU
		{B9F99D5F-5570-4EB6-B9CE-16DF2B1E84D8}.Debug|Any CPU.ActiveCfg = Debug|Any CPU
		{B9F99D5F-5570-4EB6-B9CE-16DF2B1E84D8}.Debug|Any CPU.Build.0 = Debug|Any CPU
		{B9F99D5F-5570-4EB6-B9CE-16DF2B1E84D8}.Release|Any CPU.ActiveCfg = Release|Any CPU
		{B9F99D5F-5570-4EB6-B9CE-16DF2B1E84D8}.Release|Any CPU.Build.0 = Release|Any CPU
		{12C150FF-8670-49F3-8521-9F39D7A10643}.Debug|Any CPU.ActiveCfg = Debug|Any CPU
		{12C150FF-8670-49F3-8521-9F39D7A10643}.Debug|Any CPU.Build.0 = Debug|Any CPU
		{12C150FF-8670-49F3-8521-9F39D7A10643}.Release|Any CPU.ActiveCfg = Release|Any CPU
		{12C150FF-8670-49F3-8521-9F39D7A10643}.Release|Any CPU.Build.0 = Release|Any CPU
		{54A93D1C-25B3-44C9-9888-ECE7BE96AC12}.Debug|Any CPU.ActiveCfg = Debug|Any CPU
		{54A93D1C-25B3-44C9-9888-ECE7BE96AC12}.Debug|Any CPU.Build.0 = Debug|Any CPU
		{54A93D1C-25B3-44C9-9888-ECE7BE96AC12}.Release|Any CPU.ActiveCfg = Release|Any CPU
		{54A93D1C-25B3-44C9-9888-ECE7BE96AC12}.Release|Any CPU.Build.0 = Release|Any CPU
		{8A2FFE9A-2692-4AD3-8728-D0AD2F0D9787}.Debug|Any CPU.ActiveCfg = Debug|Any CPU
		{8A2FFE9A-2692-4AD3-8728-D0AD2F0D9787}.Debug|Any CPU.Build.0 = Debug|Any CPU
		{8A2FFE9A-2692-4AD3-8728-D0AD2F0D9787}.Release|Any CPU.ActiveCfg = Release|Any CPU
		{8A2FFE9A-2692-4AD3-8728-D0AD2F0D9787}.Release|Any CPU.Build.0 = Release|Any CPU
	EndGlobalSection
	GlobalSection(SolutionProperties) = preSolution
		HideSolutionNode = FALSE
	EndGlobalSection
	GlobalSection(NestedProjects) = preSolution
		{95992326-84C9-47A3-8BF7-DC6331314337} = {7A6B6845-5877-4778-9B77-69461258486A}
		{CD1A674C-9A3D-498D-8737-E62BA0B3F7BD} = {7A6B6845-5877-4778-9B77-69461258486A}
		{B3C4D122-10BA-47CF-B573-94E311DA975D} = {95992326-84C9-47A3-8BF7-DC6331314337}
		{BA38FC5A-AC5C-403E-982E-2D7430895447} = {95992326-84C9-47A3-8BF7-DC6331314337}
		{970F383C-22B2-414C-B618-C973DB9DE952} = {CD1A674C-9A3D-498D-8737-E62BA0B3F7BD}
		{692BC111-BACB-4C11-839E-6E7F47EA19DA} = {CD1A674C-9A3D-498D-8737-E62BA0B3F7BD}
		{F5C9FE13-07ED-491A-BD66-14707FBEF8E9} = {DC8BC982-E863-410C-822D-77298A663386}
		{C63A481F-2388-48C4-AF64-EDA00BD9ED8F} = {DC8BC982-E863-410C-822D-77298A663386}
		{1E5DC912-77DE-4FC3-BB8B-D8B871AB484E} = {DC8BC982-E863-410C-822D-77298A663386}
		{224BB108-F9AA-4E7D-9379-1A4FFC3F80FF} = {DC8BC982-E863-410C-822D-77298A663386}
		{4B844077-C12F-4CA8-8067-93711E62485A} = {DC8BC982-E863-410C-822D-77298A663386}
		{7A2C01F4-57E4-4048-A652-02DCB8FEC9D1} = {4B844077-C12F-4CA8-8067-93711E62485A}
		{99719C21-D46F-4CE6-BFB3-A2A44367D327} = {4B844077-C12F-4CA8-8067-93711E62485A}
		{8D9D18F2-D6F2-425E-89CB-5931247C6BC0} = {2FBE6015-00BE-4A51-BBAE-03A20651B995}
		{B9F99D5F-5570-4EB6-B9CE-16DF2B1E84D8} = {2FBE6015-00BE-4A51-BBAE-03A20651B995}
		{12C150FF-8670-49F3-8521-9F39D7A10643} = {2FBE6015-00BE-4A51-BBAE-03A20651B995}
		{03FF6C72-92B0-4C7D-B536-7B9A3E377594} = {2FBE6015-00BE-4A51-BBAE-03A20651B995}
		{54A93D1C-25B3-44C9-9888-ECE7BE96AC12} = {03FF6C72-92B0-4C7D-B536-7B9A3E377594}
		{8A2FFE9A-2692-4AD3-8728-D0AD2F0D9787} = {2FBE6015-00BE-4A51-BBAE-03A20651B995}
	EndGlobalSection
EndGlobal
